
Microsoft Visual Studio Solution File, Format Version 12.00
# Visual Studio Version 17
VisualStudioVersion = 17.14.36401.2 d17.14
MinimumVisualStudioVersion = 10.0.40219.1
Project("{FAE04EC0-301F-11D3-BF4B-00C04F79EFBC}") = "Contravariance", "Contravariance\Contravariance.csproj", "{820FF837-A03A-4E78-B7AC-75A28042AC9F}"
EndProject
Global
	GlobalSection(SolutionConfigurationPlatforms) = preSolution
		Debug|Any CPU = Debug|Any CPU
		Release|Any CPU = Release|Any CPU
	EndGlobalSection
	GlobalSection(ProjectConfigurationPlatforms) = postSolution
		{820FF837-A03A-4E78-B7AC-75A28042AC9F}.Debug|Any CPU.ActiveCfg = Debug|Any CPU
		{820FF837-A03A-4E78-B7AC-75A28042AC9F}.Debug|Any CPU.Build.0 = Debug|Any CPU
		{820FF837-A03A-4E78-B7AC-75A28042AC9F}.Release|Any CPU.ActiveCfg = Release|Any CPU
		{820FF837-A03A-4E78-B7AC-75A28042AC9F}.Release|Any CPU.Build.0 = Release|Any CPU
	EndGlobalSection
	GlobalSection(SolutionProperties) = preSolution
		HideSolutionNode = FALSE
	EndGlobalSection
	GlobalSection(ExtensibilityGlobals) = postSolution
		SolutionGuid = {0957DC2D-E4EC-4ECF-A5E0-7A55352E3B8C}
	EndGlobalSection
EndGlobal
